
Microsoft Visual Studio Solution File, Format Version 12.00
# Visual Studio 15
VisualStudioVersion = 15.0.28307.902
MinimumVisualStudioVersion = 10.0.40219.1
Project("{9A19103F-16F7-4668-BE54-9A1E7A4F7556}") = "Sparrow", "Sparrow\Sparrow.csproj", "{0E432CF8-5282-4FA9-8DBF-FEBE2A4FBAE9}"
EndProject
Project("{9A19103F-16F7-4668-BE54-9A1E7A4F7556}") = "Sparrow.Host", "Sparrow.Host\Sparrow.Host.csproj", "{46567C9F-3432-4947-98F3-C25AE7F5F9D9}"
EndProject
Project("{FAE04EC0-301F-11D3-BF4B-00C04F79EFBC}") = "Sparrow.Server", "Sparrow.Server\Sparrow.Server.csproj", "{B2CADBAF-90FC-4F48-9C7D-9633024C80BE}"
EndProject
Global
	GlobalSection(SolutionConfigurationPlatforms) = preSolution
		Debug|Any CPU = Debug|Any CPU
		Release|Any CPU = Release|Any CPU
	EndGlobalSection
	GlobalSection(ProjectConfigurationPlatforms) = postSolution
		{0E432CF8-5282-4FA9-8DBF-FEBE2A4FBAE9}.Debug|Any CPU.ActiveCfg = Debug|Any CPU
		{0E432CF8-5282-4FA9-8DBF-FEBE2A4FBAE9}.Debug|Any CPU.Build.0 = Debug|Any CPU
		{0E432CF8-5282-4FA9-8DBF-FEBE2A4FBAE9}.Release|Any CPU.ActiveCfg = Release|Any CPU
		{0E432CF8-5282-4FA9-8DBF-FEBE2A4FBAE9}.Release|Any CPU.Build.0 = Release|Any CPU
		{46567C9F-3432-4947-98F3-C25AE7F5F9D9}.Debug|Any CPU.ActiveCfg = Debug|Any CPU
		{46567C9F-3432-4947-98F3-C25AE7F5F9D9}.Debug|Any CPU.Build.0 = Debug|Any CPU
		{46567C9F-3432-4947-98F3-C25AE7F5F9D9}.Release|Any CPU.ActiveCfg = Release|Any CPU
		{46567C9F-3432-4947-98F3-C25AE7F5F9D9}.Release|Any CPU.Build.0 = Release|Any CPU
		{B2CADBAF-90FC-4F48-9C7D-9633024C80BE}.Debug|Any CPU.ActiveCfg = Debug|Any CPU
		{B2CADBAF-90FC-4F48-9C7D-9633024C80BE}.Debug|Any CPU.Build.0 = Debug|Any CPU
		{B2CADBAF-90FC-4F48-9C7D-9633024C80BE}.Release|Any CPU.ActiveCfg = Release|Any CPU
		{B2CADBAF-90FC-4F48-9C7D-9633024C80BE}.Release|Any CPU.Build.0 = Release|Any CPU
	EndGlobalSection
	GlobalSection(SolutionProperties) = preSolution
		HideSolutionNode = FALSE
	EndGlobalSection
	GlobalSection(ExtensibilityGlobals) = postSolution
		SolutionGuid = {599E841F-19FC-4461-ACBE-DB64DDEB853A}
	EndGlobalSection
EndGlobal
